
Microsoft Visual Studio Solution File, Format Version 12.00
# Visual Studio 15
VisualStudioVersion = 15.0.27130.2010
MinimumVisualStudioVersion = 10.0.40219.1
Project("{9A19103F-16F7-4668-BE54-9A1E7A4F7556}") = "DynamicInterop", "DynamicInterop\DynamicInterop.csproj", "{37E8DF32-0D37-418E-B976-10F4B36A0073}"
EndProject
Project("{9A19103F-16F7-4668-BE54-9A1E7A4F7556}") = "DynamicInterop.Tests", "DynamicInterop.Tests\DynamicInterop.Tests.csproj", "{CA934BF8-EC5B-49F5-8F52-25F3B11072E6}"
EndProject
Project("{9A19103F-16F7-4668-BE54-9A1E7A4F7556}") = "DynamicInterop.TestApp", "DynamicInterop.TestApp\DynamicInterop.TestApp.csproj", "{46208A0E-F95F-4B1E-A396-0F715BA6B87A}"
EndProject
Project("{8BC9CEB8-8B4A-11D0-8D11-00A0C91BC942}") = "test_native_library", "DynamicInterop.Tests\test_native_library\test_native_library.vcxproj", "{32E08C93-DB46-4A93-8FE7-5791E088B2A1}"
EndProject
Global
	GlobalSection(SolutionConfigurationPlatforms) = preSolution
		Debug|Any CPU = Debug|Any CPU
		Debug|x64 = Debug|x64
		Debug|x86 = Debug|x86
		Release|Any CPU = Release|Any CPU
		Release|x64 = Release|x64
		Release|x86 = Release|x86
	EndGlobalSection
	GlobalSection(ProjectConfigurationPlatforms) = postSolution
		{37E8DF32-0D37-418E-B976-10F4B36A0073}.Debug|Any CPU.ActiveCfg = Debug|Any CPU
		{37E8DF32-0D37-418E-B976-10F4B36A0073}.Debug|Any CPU.Build.0 = Debug|Any CPU
		{37E8DF32-0D37-418E-B976-10F4B36A0073}.Debug|x64.ActiveCfg = Debug|Any CPU
		{37E8DF32-0D37-418E-B976-10F4B36A0073}.Debug|x64.Build.0 = Debug|Any CPU
		{37E8DF32-0D37-418E-B976-10F4B36A0073}.Debug|x86.ActiveCfg = Debug|Any CPU
		{37E8DF32-0D37-418E-B976-10F4B36A0073}.Debug|x86.Build.0 = Debug|Any CPU
		{37E8DF32-0D37-418E-B976-10F4B36A0073}.Release|Any CPU.ActiveCfg = Release|Any CPU
		{37E8DF32-0D37-418E-B976-10F4B36A0073}.Release|Any CPU.Build.0 = Release|Any CPU
		{37E8DF32-0D37-418E-B976-10F4B36A0073}.Release|x64.ActiveCfg = Release|Any CPU
		{37E8DF32-0D37-418E-B976-10F4B36A0073}.Release|x64.Build.0 = Release|Any CPU
		{37E8DF32-0D37-418E-B976-10F4B36A0073}.Release|x86.ActiveCfg = Release|Any CPU
		{37E8DF32-0D37-418E-B976-10F4B36A0073}.Release|x86.Build.0 = Release|Any CPU
		{CA934BF8-EC5B-49F5-8F52-25F3B11072E6}.Debug|Any CPU.ActiveCfg = Debug|Any CPU
		{CA934BF8-EC5B-49F5-8F52-25F3B11072E6}.Debug|Any CPU.Build.0 = Debug|Any CPU
		{CA934BF8-EC5B-49F5-8F52-25F3B11072E6}.Debug|x64.ActiveCfg = Debug|Any CPU
		{CA934BF8-EC5B-49F5-8F52-25F3B11072E6}.Debug|x64.Build.0 = Debug|Any CPU
		{CA934BF8-EC5B-49F5-8F52-25F3B11072E6}.Debug|x86.ActiveCfg = Debug|Any CPU
		{CA934BF8-EC5B-49F5-8F52-25F3B11072E6}.Debug|x86.Build.0 = Debug|Any CPU
		{CA934BF8-EC5B-49F5-8F52-25F3B11072E6}.Release|Any CPU.ActiveCfg = Release|Any CPU
		{CA934BF8-EC5B-49F5-8F52-25F3B11072E6}.Release|Any CPU.Build.0 = Release|Any CPU
		{CA934BF8-EC5B-49F5-8F52-25F3B11072E6}.Release|x64.ActiveCfg = Release|Any CPU
		{CA934BF8-EC5B-49F5-8F52-25F3B11072E6}.Release|x64.Build.0 = Release|Any CPU
		{CA934BF8-EC5B-49F5-8F52-25F3B11072E6}.Release|x86.ActiveCfg = Release|Any CPU
		{CA934BF8-EC5B-49F5-8F52-25F3B11072E6}.Release|x86.Build.0 = Release|Any CPU
		{46208A0E-F95F-4B1E-A396-0F715BA6B87A}.Debug|Any CPU.ActiveCfg = Debug|Any CPU
		{46208A0E-F95F-4B1E-A396-0F715BA6B87A}.Debug|Any CPU.Build.0 = Debug|Any CPU
		{46208A0E-F95F-4B1E-A396-0F715BA6B87A}.Debug|x64.ActiveCfg = Debug|Any CPU
		{46208A0E-F95F-4B1E-A396-0F715BA6B87A}.Debug|x64.Build.0 = Debug|Any CPU
		{46208A0E-F95F-4B1E-A396-0F715BA6B87A}.Debug|x86.ActiveCfg = Debug|Any CPU
		{46208A0E-F95F-4B1E-A396-0F715BA6B87A}.Debug|x86.Build.0 = Debug|Any CPU
		{46208A0E-F95F-4B1E-A396-0F715BA6B87A}.Release|Any CPU.ActiveCfg = Release|Any CPU
		{46208A0E-F95F-4B1E-A396-0F715BA6B87A}.Release|Any CPU.Build.0 = Release|Any CPU
		{46208A0E-F95F-4B1E-A396-0F715BA6B87A}.Release|x64.ActiveCfg = Release|Any CPU
		{46208A0E-F95F-4B1E-A396-0F715BA6B87A}.Release|x64.Build.0 = Release|Any CPU
		{46208A0E-F95F-4B1E-A396-0F715BA6B87A}.Release|x86.ActiveCfg = Release|Any CPU
		{46208A0E-F95F-4B1E-A396-0F715BA6B87A}.Release|x86.Build.0 = Release|Any CPU
		{32E08C93-DB46-4A93-8FE7-5791E088B2A1}.Debug|Any CPU.ActiveCfg = Debug|x64
		{32E08C93-DB46-4A93-8FE7-5791E088B2A1}.Debug|Any CPU.Build.0 = Debug|x64
		{32E08C93-DB46-4A93-8FE7-5791E088B2A1}.Debug|x64.ActiveCfg = Debug|x64
		{32E08C93-DB46-4A93-8FE7-5791E088B2A1}.Debug|x64.Build.0 = Debug|x64
		{32E08C93-DB46-4A93-8FE7-5791E088B2A1}.Debug|x86.ActiveCfg = Debug|Win32
		{32E08C93-DB46-4A93-8FE7-5791E088B2A1}.Debug|x86.Build.0 = Debug|Win32
		{32E08C93-DB46-4A93-8FE7-5791E088B2A1}.Release|Any CPU.ActiveCfg = Release|Win32
		{32E08C93-DB46-4A93-8FE7-5791E088B2A1}.Release|x64.ActiveCfg = Release|x64
		{32E08C93-DB46-4A93-8FE7-5791E088B2A1}.Release|x64.Build.0 = Release|x64
		{32E08C93-DB46-4A93-8FE7-5791E088B2A1}.Release|x86.ActiveCfg = Release|Win32
		{32E08C93-DB46-4A93-8FE7-5791E088B2A1}.Release|x86.Build.0 = Release|Win32
	EndGlobalSection
	GlobalSection(SolutionProperties) = preSolution
		HideSolutionNode = FALSE
	EndGlobalSection
	GlobalSection(ExtensibilityGlobals) = postSolution
		SolutionGuid = {3F12B32B-328B-4BD8-A08E-1498C924B167}
	EndGlobalSection
	GlobalSection(MonoDevelopProperties) = preSolution
		StartupItem = DynamicInterop.TestApp\DynamicInterop.TestApp.csproj
		Policies = $0
		$0.TextStylePolicy = $1
		$1.FileWidth = 120
		$1.EolMarker = Windows
		$1.inheritsSet = VisualStudio
		$1.inheritsScope = text/plain
		$1.scope = text/x-csharp
		$0.CSharpFormattingPolicy = $2
		$2.BeforeMethodDeclarationParentheses = False
		$2.inheritsSet = Mono
		$2.inheritsScope = text/x-csharp
		$2.scope = text/x-csharp
	EndGlobalSection
EndGlobal
