
Microsoft Visual Studio Solution File, Format Version 12.00
# Visual Studio 15
VisualStudioVersion = 15.0.27130.2027
MinimumVisualStudioVersion = 10.0.40219.1
Project("{FAE04EC0-301F-11D3-BF4B-00C04F79EFBC}") = "ProgressUpdateApp", "ProgressUpdateApp\ProgressUpdateApp.csproj", "{1C3879D2-7A96-4DAC-A19D-CF3EEA335F5D}"
EndProject
Project("{8BC9CEB8-8B4A-11D0-8D11-00A0C91BC942}") = "progress_update_native", "progress_update_native\progress_update_native.vcxproj", "{633DAAB1-D17C-4DB2-8A53-E1EDAC4D6525}"
EndProject
Global
	GlobalSection(SolutionConfigurationPlatforms) = preSolution
		Debug|Any CPU = Debug|Any CPU
		Debug|x64 = Debug|x64
		Debug|x86 = Debug|x86
		Release|Any CPU = Release|Any CPU
		Release|x64 = Release|x64
		Release|x86 = Release|x86
	EndGlobalSection
	GlobalSection(ProjectConfigurationPlatforms) = postSolution
		{1C3879D2-7A96-4DAC-A19D-CF3EEA335F5D}.Debug|Any CPU.ActiveCfg = Debug|Any CPU
		{1C3879D2-7A96-4DAC-A19D-CF3EEA335F5D}.Debug|Any CPU.Build.0 = Debug|Any CPU
		{1C3879D2-7A96-4DAC-A19D-CF3EEA335F5D}.Debug|x64.ActiveCfg = Debug|Any CPU
		{1C3879D2-7A96-4DAC-A19D-CF3EEA335F5D}.Debug|x64.Build.0 = Debug|Any CPU
		{1C3879D2-7A96-4DAC-A19D-CF3EEA335F5D}.Debug|x86.ActiveCfg = Debug|Any CPU
		{1C3879D2-7A96-4DAC-A19D-CF3EEA335F5D}.Debug|x86.Build.0 = Debug|Any CPU
		{1C3879D2-7A96-4DAC-A19D-CF3EEA335F5D}.Release|Any CPU.ActiveCfg = Release|Any CPU
		{1C3879D2-7A96-4DAC-A19D-CF3EEA335F5D}.Release|Any CPU.Build.0 = Release|Any CPU
		{1C3879D2-7A96-4DAC-A19D-CF3EEA335F5D}.Release|x64.ActiveCfg = Release|Any CPU
		{1C3879D2-7A96-4DAC-A19D-CF3EEA335F5D}.Release|x64.Build.0 = Release|Any CPU
		{1C3879D2-7A96-4DAC-A19D-CF3EEA335F5D}.Release|x86.ActiveCfg = Release|Any CPU
		{1C3879D2-7A96-4DAC-A19D-CF3EEA335F5D}.Release|x86.Build.0 = Release|Any CPU
		{633DAAB1-D17C-4DB2-8A53-E1EDAC4D6525}.Debug|Any CPU.ActiveCfg = Debug|Win32
		{633DAAB1-D17C-4DB2-8A53-E1EDAC4D6525}.Debug|x64.ActiveCfg = Debug|x64
		{633DAAB1-D17C-4DB2-8A53-E1EDAC4D6525}.Debug|x64.Build.0 = Debug|x64
		{633DAAB1-D17C-4DB2-8A53-E1EDAC4D6525}.Debug|x86.ActiveCfg = Debug|Win32
		{633DAAB1-D17C-4DB2-8A53-E1EDAC4D6525}.Debug|x86.Build.0 = Debug|Win32
		{633DAAB1-D17C-4DB2-8A53-E1EDAC4D6525}.Release|Any CPU.ActiveCfg = Release|Win32
		{633DAAB1-D17C-4DB2-8A53-E1EDAC4D6525}.Release|x64.ActiveCfg = Release|x64
		{633DAAB1-D17C-4DB2-8A53-E1EDAC4D6525}.Release|x64.Build.0 = Release|x64
		{633DAAB1-D17C-4DB2-8A53-E1EDAC4D6525}.Release|x86.ActiveCfg = Release|Win32
		{633DAAB1-D17C-4DB2-8A53-E1EDAC4D6525}.Release|x86.Build.0 = Release|Win32
	EndGlobalSection
	GlobalSection(SolutionProperties) = preSolution
		HideSolutionNode = FALSE
	EndGlobalSection
	GlobalSection(ExtensibilityGlobals) = postSolution
		SolutionGuid = {C53284A1-C9A2-4973-A740-027791922601}
	EndGlobalSection
EndGlobal
